// !$*UTF8*$!
{
	archiveVersion = 1;
	classes = {
	};
	objectVersion = 55;
	objects = {

/* Begin PBXBuildFile section */
		46890C0D5173A66A1F7A8E3C /* Pods_MovieAppViper.framework in Frameworks */ = {isa = PBXBuildFile; fileRef = 93C371A0C900EA40D4E1A187 /* Pods_MovieAppViper.framework */; };
		B92D30BA29752E7B004428B4 /* HomePopularTableViewCell.swift in Sources */ = {isa = PBXBuildFile; fileRef = B92D30B829752E7B004428B4 /* HomePopularTableViewCell.swift */; };
		B92D30BB29752E7B004428B4 /* HomePopularTableViewCell.xib in Resources */ = {isa = PBXBuildFile; fileRef = B92D30B929752E7B004428B4 /* HomePopularTableViewCell.xib */; };
		B92D30C4297538A5004428B4 /* HomeUpcomingTableViewCell.swift in Sources */ = {isa = PBXBuildFile; fileRef = B92D30C2297538A5004428B4 /* HomeUpcomingTableViewCell.swift */; };
		B92D30C5297538A5004428B4 /* HomeUpcomingTableViewCell.xib in Resources */ = {isa = PBXBuildFile; fileRef = B92D30C3297538A5004428B4 /* HomeUpcomingTableViewCell.xib */; };
		B92D30C8297539C7004428B4 /* HomeUpcomingCollectionViewCell.swift in Sources */ = {isa = PBXBuildFile; fileRef = B92D30C6297539C7004428B4 /* HomeUpcomingCollectionViewCell.swift */; };
		B92D30C9297539C7004428B4 /* HomeUpcomingCollectionViewCell.xib in Resources */ = {isa = PBXBuildFile; fileRef = B92D30C7297539C7004428B4 /* HomeUpcomingCollectionViewCell.xib */; };
		B92EF82E2976889800D090EE /* MoviesByGenreCollectionViewCell.swift in Sources */ = {isa = PBXBuildFile; fileRef = B92EF82C2976889800D090EE /* MoviesByGenreCollectionViewCell.swift */; };
		B92EF82F2976889800D090EE /* MoviesByGenreCollectionViewCell.xib in Resources */ = {isa = PBXBuildFile; fileRef = B92EF82D2976889800D090EE /* MoviesByGenreCollectionViewCell.xib */; };
		B937CD3E2975B10400488097 /* DetailMovieSimilarTableViewCell.swift in Sources */ = {isa = PBXBuildFile; fileRef = B937CD3C2975B10400488097 /* DetailMovieSimilarTableViewCell.swift */; };
		B937CD3F2975B10400488097 /* DetailMovieSimilarTableViewCell.xib in Resources */ = {isa = PBXBuildFile; fileRef = B937CD3D2975B10400488097 /* DetailMovieSimilarTableViewCell.xib */; };
		B937CD452975B13200488097 /* DetailMovieSimilarCollectionViewCell.swift in Sources */ = {isa = PBXBuildFile; fileRef = B937CD432975B13200488097 /* DetailMovieSimilarCollectionViewCell.swift */; };
		B937CD462975B13200488097 /* DetailMovieSimilarCollectionViewCell.xib in Resources */ = {isa = PBXBuildFile; fileRef = B937CD442975B13200488097 /* DetailMovieSimilarCollectionViewCell.xib */; };
		B96B52EC29759F9F005845AB /* DetailMovieCastCollectionViewCell.swift in Sources */ = {isa = PBXBuildFile; fileRef = B96B52EA29759F9F005845AB /* DetailMovieCastCollectionViewCell.swift */; };
		B96B52ED29759F9F005845AB /* DetailMovieCastCollectionViewCell.xib in Resources */ = {isa = PBXBuildFile; fileRef = B96B52EB29759F9F005845AB /* DetailMovieCastCollectionViewCell.xib */; };
		B96B52F02975A30C005845AB /* DetailEnumSection.swift in Sources */ = {isa = PBXBuildFile; fileRef = B96B52EF2975A30C005845AB /* DetailEnumSection.swift */; };
		B96B52F52975A4E0005845AB /* DetailMovieCastTableViewCell.swift in Sources */ = {isa = PBXBuildFile; fileRef = B96B52F32975A4E0005845AB /* DetailMovieCastTableViewCell.swift */; };
		B96B52F62975A4E0005845AB /* DetailMovieCastTableViewCell.xib in Resources */ = {isa = PBXBuildFile; fileRef = B96B52F42975A4E0005845AB /* DetailMovieCastTableViewCell.xib */; };
		B96EC6002974258000BA157E /* GenresModelResponse.swift in Sources */ = {isa = PBXBuildFile; fileRef = B96EC5FF2974258000BA157E /* GenresModelResponse.swift */; };
		B96EC6132974329000BA157E /* UIView+extension.swift in Sources */ = {isa = PBXBuildFile; fileRef = B96EC6122974329000BA157E /* UIView+extension.swift */; };
		B98270352976424200D7F559 /* DetailMovieReviewTableViewCell.swift in Sources */ = {isa = PBXBuildFile; fileRef = B98270332976424200D7F559 /* DetailMovieReviewTableViewCell.swift */; };
		B98270362976424200D7F559 /* DetailMovieReviewTableViewCell.xib in Resources */ = {isa = PBXBuildFile; fileRef = B98270342976424200D7F559 /* DetailMovieReviewTableViewCell.xib */; };
		B989FA3929766E9300187F6C /* MoviesViewController.swift in Sources */ = {isa = PBXBuildFile; fileRef = B989FA3729766E9300187F6C /* MoviesViewController.swift */; };
		B989FA3A29766E9300187F6C /* MoviesViewController.xib in Resources */ = {isa = PBXBuildFile; fileRef = B989FA3829766E9300187F6C /* MoviesViewController.xib */; };
		B989FA3D29766F1000187F6C /* MovieTableViewCell.swift in Sources */ = {isa = PBXBuildFile; fileRef = B989FA3B29766F1000187F6C /* MovieTableViewCell.swift */; };
		B989FA3E29766F1000187F6C /* MovieTableViewCell.xib in Resources */ = {isa = PBXBuildFile; fileRef = B989FA3C29766F1000187F6C /* MovieTableViewCell.xib */; };
		B989FA402976724200187F6C /* MoviesInteractor.swift in Sources */ = {isa = PBXBuildFile; fileRef = B989FA3F2976724200187F6C /* MoviesInteractor.swift */; };
		B989FA422976724D00187F6C /* MoviesPresenter.swift in Sources */ = {isa = PBXBuildFile; fileRef = B989FA412976724D00187F6C /* MoviesPresenter.swift */; };
		B989FA442976725C00187F6C /* MoviesRouter.swift in Sources */ = {isa = PBXBuildFile; fileRef = B989FA432976725C00187F6C /* MoviesRouter.swift */; };
		B989FA462976726600187F6C /* MoviesProtocol.swift in Sources */ = {isa = PBXBuildFile; fileRef = B989FA452976726600187F6C /* MoviesProtocol.swift */; };
		B98E56382974383C00D2BD7D /* UIViewController+extension.swift in Sources */ = {isa = PBXBuildFile; fileRef = B98E56372974383C00D2BD7D /* UIViewController+extension.swift */; };
		B98E564429743A1B00D2BD7D /* MoviesByGenreViewController.swift in Sources */ = {isa = PBXBuildFile; fileRef = B98E564229743A1B00D2BD7D /* MoviesByGenreViewController.swift */; };
		B98E564529743A1B00D2BD7D /* MoviesByGenreViewController.xib in Resources */ = {isa = PBXBuildFile; fileRef = B98E564329743A1B00D2BD7D /* MoviesByGenreViewController.xib */; };
		B994D20C29767C4B00573274 /* HomeGenreTableViewCell.swift in Sources */ = {isa = PBXBuildFile; fileRef = B994D20A29767C4B00573274 /* HomeGenreTableViewCell.swift */; };
		B994D20D29767C4B00573274 /* HomeGenreTableViewCell.xib in Resources */ = {isa = PBXBuildFile; fileRef = B994D20B29767C4B00573274 /* HomeGenreTableViewCell.xib */; };
		B994D21029767C5E00573274 /* HomeGenreCollectionViewCell.swift in Sources */ = {isa = PBXBuildFile; fileRef = B994D20E29767C5E00573274 /* HomeGenreCollectionViewCell.swift */; };
		B994D21129767C5E00573274 /* HomeGenreCollectionViewCell.xib in Resources */ = {isa = PBXBuildFile; fileRef = B994D20F29767C5E00573274 /* HomeGenreCollectionViewCell.xib */; };
		B9D4F32629719F8100D39C24 /* AppDelegate.swift in Sources */ = {isa = PBXBuildFile; fileRef = B9D4F32529719F8100D39C24 /* AppDelegate.swift */; };
		B9D4F32829719F8100D39C24 /* SceneDelegate.swift in Sources */ = {isa = PBXBuildFile; fileRef = B9D4F32729719F8100D39C24 /* SceneDelegate.swift */; };
		B9D4F32F29719F8400D39C24 /* Assets.xcassets in Resources */ = {isa = PBXBuildFile; fileRef = B9D4F32E29719F8400D39C24 /* Assets.xcassets */; };
		B9D4F33229719F8400D39C24 /* LaunchScreen.storyboard in Resources */ = {isa = PBXBuildFile; fileRef = B9D4F33029719F8400D39C24 /* LaunchScreen.storyboard */; };
		B9D4F34A2971A6CB00D39C24 /* HomeRouter.swift in Sources */ = {isa = PBXBuildFile; fileRef = B9D4F3492971A6CB00D39C24 /* HomeRouter.swift */; };
		B9D4F34C2971A77D00D39C24 /* HomeProtocol.swift in Sources */ = {isa = PBXBuildFile; fileRef = B9D4F34B2971A77D00D39C24 /* HomeProtocol.swift */; };
		B9D4F34E2971A78D00D39C24 /* HomePresenter.swift in Sources */ = {isa = PBXBuildFile; fileRef = B9D4F34D2971A78D00D39C24 /* HomePresenter.swift */; };
		B9D4F3502971A79C00D39C24 /* HomeInteractor.swift in Sources */ = {isa = PBXBuildFile; fileRef = B9D4F34F2971A79C00D39C24 /* HomeInteractor.swift */; };
		B9D4F3542971AA5B00D39C24 /* URLs.swift in Sources */ = {isa = PBXBuildFile; fileRef = B9D4F3532971AA5B00D39C24 /* URLs.swift */; };
		B9D4F3572971AB1700D39C24 /* NetworkManagerProtocol.swift in Sources */ = {isa = PBXBuildFile; fileRef = B9D4F3562971AB1700D39C24 /* NetworkManagerProtocol.swift */; };
		B9D4F35A2971AB4000D39C24 /* NetworkService.swift in Sources */ = {isa = PBXBuildFile; fileRef = B9D4F3592971AB4000D39C24 /* NetworkService.swift */; };
		B9D4F35C2971AE6E00D39C24 /* NetworkManager.swift in Sources */ = {isa = PBXBuildFile; fileRef = B9D4F35B2971AE6E00D39C24 /* NetworkManager.swift */; };
		B9D4F35E2971AF6800D39C24 /* MoviesModelResponse.swift in Sources */ = {isa = PBXBuildFile; fileRef = B9D4F35D2971AF6800D39C24 /* MoviesModelResponse.swift */; };
		B9D4F3602971B31E00D39C24 /* BaseError.swift in Sources */ = {isa = PBXBuildFile; fileRef = B9D4F35F2971B31E00D39C24 /* BaseError.swift */; };
		B9D4F3632971B3F500D39C24 /* ErrorProtocol.swift in Sources */ = {isa = PBXBuildFile; fileRef = B9D4F3622971B3F500D39C24 /* ErrorProtocol.swift */; };
		B9D4F36529726D6A00D39C24 /* HomeEnumSection.swift in Sources */ = {isa = PBXBuildFile; fileRef = B9D4F36429726D6A00D39C24 /* HomeEnumSection.swift */; };
		B9D4F36C29726E3F00D39C24 /* HomeViewController.swift in Sources */ = {isa = PBXBuildFile; fileRef = B9D4F36A29726E3F00D39C24 /* HomeViewController.swift */; };
		B9D4F36D29726E3F00D39C24 /* HomeViewController.xib in Resources */ = {isa = PBXBuildFile; fileRef = B9D4F36B29726E3F00D39C24 /* HomeViewController.xib */; };
		B9D4F3732972717400D39C24 /* HomeNowPlayingTableViewCell.swift in Sources */ = {isa = PBXBuildFile; fileRef = B9D4F3712972717400D39C24 /* HomeNowPlayingTableViewCell.swift */; };
		B9D4F3742972717400D39C24 /* HomeNowPlayingTableViewCell.xib in Resources */ = {isa = PBXBuildFile; fileRef = B9D4F3722972717400D39C24 /* HomeNowPlayingTableViewCell.xib */; };
		B9D4F37829727A5D00D39C24 /* Main.storyboard in Resources */ = {isa = PBXBuildFile; fileRef = B9D4F37629727A5D00D39C24 /* Main.storyboard */; };
		B9D4F37929727A5D00D39C24 /* ViewController.swift in Sources */ = {isa = PBXBuildFile; fileRef = B9D4F37729727A5D00D39C24 /* ViewController.swift */; };
		B9D4F37D2972812500D39C24 /* HomeNowPlayingCollectionViewCell.swift in Sources */ = {isa = PBXBuildFile; fileRef = B9D4F37B2972812500D39C24 /* HomeNowPlayingCollectionViewCell.swift */; };
		B9D4F37E2972812500D39C24 /* HomeNowPlayingCollectionViewCell.xib in Resources */ = {isa = PBXBuildFile; fileRef = B9D4F37C2972812500D39C24 /* HomeNowPlayingCollectionViewCell.xib */; };
		B9D4F3812974055C00D39C24 /* UIImageView+Extension.swift in Sources */ = {isa = PBXBuildFile; fileRef = B9D4F3802974055C00D39C24 /* UIImageView+Extension.swift */; };
		B9D4F3842974066B00D39C24 /* GlobalVariable.swift in Sources */ = {isa = PBXBuildFile; fileRef = B9D4F3832974066B00D39C24 /* GlobalVariable.swift */; };
		B9EAC4A52974415E00E20AE3 /* MoviesByGenreProtocol.swift in Sources */ = {isa = PBXBuildFile; fileRef = B9EAC4A42974415E00E20AE3 /* MoviesByGenreProtocol.swift */; };
		B9EAC4A72974425100E20AE3 /* MoviesByGenreInteractor.swift in Sources */ = {isa = PBXBuildFile; fileRef = B9EAC4A62974425100E20AE3 /* MoviesByGenreInteractor.swift */; };
		B9EAC4A92974426100E20AE3 /* MoviesByGenrePresenter.swift in Sources */ = {isa = PBXBuildFile; fileRef = B9EAC4A82974426100E20AE3 /* MoviesByGenrePresenter.swift */; };
		B9EAC4AB2974426C00E20AE3 /* MoviesByGenreRouter.swift in Sources */ = {isa = PBXBuildFile; fileRef = B9EAC4AA2974426C00E20AE3 /* MoviesByGenreRouter.swift */; };
		B9FB15072974F39A0064F96A /* DetailMovieProtocol.swift in Sources */ = {isa = PBXBuildFile; fileRef = B9FB15062974F39A0064F96A /* DetailMovieProtocol.swift */; };
		B9FB15092974F3C30064F96A /* DetailMovieRouter.swift in Sources */ = {isa = PBXBuildFile; fileRef = B9FB15082974F3C30064F96A /* DetailMovieRouter.swift */; };
		B9FB150B2974F3D10064F96A /* DetailMoviePresenter.swift in Sources */ = {isa = PBXBuildFile; fileRef = B9FB150A2974F3D10064F96A /* DetailMoviePresenter.swift */; };
		B9FB150D2974F3DE0064F96A /* DetailMovieInteractor.swift in Sources */ = {isa = PBXBuildFile; fileRef = B9FB150C2974F3DE0064F96A /* DetailMovieInteractor.swift */; };
		B9FB150F2974F4B20064F96A /* DetailMovieResponse.swift in Sources */ = {isa = PBXBuildFile; fileRef = B9FB150E2974F4B20064F96A /* DetailMovieResponse.swift */; };
		B9FB15122974F94A0064F96A /* DetailMovieViewController.swift in Sources */ = {isa = PBXBuildFile; fileRef = B9FB15102974F94A0064F96A /* DetailMovieViewController.swift */; };
		B9FB15132974F94A0064F96A /* DetailMovieViewController.xib in Resources */ = {isa = PBXBuildFile; fileRef = B9FB15112974F94A0064F96A /* DetailMovieViewController.xib */; };
/* End PBXBuildFile section */

/* Begin PBXFileReference section */
		7ACC4E269187161D50A49AF4 /* Pods-MovieAppViper.debug.xcconfig */ = {isa = PBXFileReference; includeInIndex = 1; lastKnownFileType = text.xcconfig; name = "Pods-MovieAppViper.debug.xcconfig"; path = "Target Support Files/Pods-MovieAppViper/Pods-MovieAppViper.debug.xcconfig"; sourceTree = "<group>"; };
		93C371A0C900EA40D4E1A187 /* Pods_MovieAppViper.framework */ = {isa = PBXFileReference; explicitFileType = wrapper.framework; includeInIndex = 0; path = Pods_MovieAppViper.framework; sourceTree = BUILT_PRODUCTS_DIR; };
		A1FFF1074EFF788986AD4EE6 /* Pods-MovieAppViper.release.xcconfig */ = {isa = PBXFileReference; includeInIndex = 1; lastKnownFileType = text.xcconfig; name = "Pods-MovieAppViper.release.xcconfig"; path = "Target Support Files/Pods-MovieAppViper/Pods-MovieAppViper.release.xcconfig"; sourceTree = "<group>"; };
		B92D30B829752E7B004428B4 /* HomePopularTableViewCell.swift */ = {isa = PBXFileReference; lastKnownFileType = sourcecode.swift; path = HomePopularTableViewCell.swift; sourceTree = "<group>"; };
		B92D30B929752E7B004428B4 /* HomePopularTableViewCell.xib */ = {isa = PBXFileReference; lastKnownFileType = file.xib; path = HomePopularTableViewCell.xib; sourceTree = "<group>"; };
		B92D30C2297538A5004428B4 /* HomeUpcomingTableViewCell.swift */ = {isa = PBXFileReference; lastKnownFileType = sourcecode.swift; path = HomeUpcomingTableViewCell.swift; sourceTree = "<group>"; };
		B92D30C3297538A5004428B4 /* HomeUpcomingTableViewCell.xib */ = {isa = PBXFileReference; lastKnownFileType = file.xib; path = HomeUpcomingTableViewCell.xib; sourceTree = "<group>"; };
		B92D30C6297539C7004428B4 /* HomeUpcomingCollectionViewCell.swift */ = {isa = PBXFileReference; lastKnownFileType = sourcecode.swift; path = HomeUpcomingCollectionViewCell.swift; sourceTree = "<group>"; };
		B92D30C7297539C7004428B4 /* HomeUpcomingCollectionViewCell.xib */ = {isa = PBXFileReference; lastKnownFileType = file.xib; path = HomeUpcomingCollectionViewCell.xib; sourceTree = "<group>"; };
		B92EF82C2976889800D090EE /* MoviesByGenreCollectionViewCell.swift */ = {isa = PBXFileReference; lastKnownFileType = sourcecode.swift; path = MoviesByGenreCollectionViewCell.swift; sourceTree = "<group>"; };
		B92EF82D2976889800D090EE /* MoviesByGenreCollectionViewCell.xib */ = {isa = PBXFileReference; lastKnownFileType = file.xib; path = MoviesByGenreCollectionViewCell.xib; sourceTree = "<group>"; };
		B937CD3C2975B10400488097 /* DetailMovieSimilarTableViewCell.swift */ = {isa = PBXFileReference; lastKnownFileType = sourcecode.swift; path = DetailMovieSimilarTableViewCell.swift; sourceTree = "<group>"; };
		B937CD3D2975B10400488097 /* DetailMovieSimilarTableViewCell.xib */ = {isa = PBXFileReference; lastKnownFileType = file.xib; path = DetailMovieSimilarTableViewCell.xib; sourceTree = "<group>"; };
		B937CD432975B13200488097 /* DetailMovieSimilarCollectionViewCell.swift */ = {isa = PBXFileReference; lastKnownFileType = sourcecode.swift; path = DetailMovieSimilarCollectionViewCell.swift; sourceTree = "<group>"; };
		B937CD442975B13200488097 /* DetailMovieSimilarCollectionViewCell.xib */ = {isa = PBXFileReference; lastKnownFileType = file.xib; path = DetailMovieSimilarCollectionViewCell.xib; sourceTree = "<group>"; };
		B96B52EA29759F9F005845AB /* DetailMovieCastCollectionViewCell.swift */ = {isa = PBXFileReference; lastKnownFileType = sourcecode.swift; path = DetailMovieCastCollectionViewCell.swift; sourceTree = "<group>"; };
		B96B52EB29759F9F005845AB /* DetailMovieCastCollectionViewCell.xib */ = {isa = PBXFileReference; lastKnownFileType = file.xib; path = DetailMovieCastCollectionViewCell.xib; sourceTree = "<group>"; };
		B96B52EF2975A30C005845AB /* DetailEnumSection.swift */ = {isa = PBXFileReference; lastKnownFileType = sourcecode.swift; path = DetailEnumSection.swift; sourceTree = "<group>"; };
		B96B52F32975A4E0005845AB /* DetailMovieCastTableViewCell.swift */ = {isa = PBXFileReference; lastKnownFileType = sourcecode.swift; path = DetailMovieCastTableViewCell.swift; sourceTree = "<group>"; };
		B96B52F42975A4E0005845AB /* DetailMovieCastTableViewCell.xib */ = {isa = PBXFileReference; lastKnownFileType = file.xib; path = DetailMovieCastTableViewCell.xib; sourceTree = "<group>"; };
		B96EC5FF2974258000BA157E /* GenresModelResponse.swift */ = {isa = PBXFileReference; lastKnownFileType = sourcecode.swift; path = GenresModelResponse.swift; sourceTree = "<group>"; };
		B96EC6122974329000BA157E /* UIView+extension.swift */ = {isa = PBXFileReference; lastKnownFileType = sourcecode.swift; path = "UIView+extension.swift"; sourceTree = "<group>"; };
		B98270332976424200D7F559 /* DetailMovieReviewTableViewCell.swift */ = {isa = PBXFileReference; lastKnownFileType = sourcecode.swift; path = DetailMovieReviewTableViewCell.swift; sourceTree = "<group>"; };
		B98270342976424200D7F559 /* DetailMovieReviewTableViewCell.xib */ = {isa = PBXFileReference; lastKnownFileType = file.xib; path = DetailMovieReviewTableViewCell.xib; sourceTree = "<group>"; };
		B989FA3729766E9300187F6C /* MoviesViewController.swift */ = {isa = PBXFileReference; lastKnownFileType = sourcecode.swift; path = MoviesViewController.swift; sourceTree = "<group>"; };
		B989FA3829766E9300187F6C /* MoviesViewController.xib */ = {isa = PBXFileReference; lastKnownFileType = file.xib; path = MoviesViewController.xib; sourceTree = "<group>"; };
		B989FA3B29766F1000187F6C /* MovieTableViewCell.swift */ = {isa = PBXFileReference; lastKnownFileType = sourcecode.swift; path = MovieTableViewCell.swift; sourceTree = "<group>"; };
		B989FA3C29766F1000187F6C /* MovieTableViewCell.xib */ = {isa = PBXFileReference; lastKnownFileType = file.xib; path = MovieTableViewCell.xib; sourceTree = "<group>"; };
		B989FA3F2976724200187F6C /* MoviesInteractor.swift */ = {isa = PBXFileReference; lastKnownFileType = sourcecode.swift; path = MoviesInteractor.swift; sourceTree = "<group>"; };
		B989FA412976724D00187F6C /* MoviesPresenter.swift */ = {isa = PBXFileReference; lastKnownFileType = sourcecode.swift; path = MoviesPresenter.swift; sourceTree = "<group>"; };
		B989FA432976725C00187F6C /* MoviesRouter.swift */ = {isa = PBXFileReference; lastKnownFileType = sourcecode.swift; path = MoviesRouter.swift; sourceTree = "<group>"; };
		B989FA452976726600187F6C /* MoviesProtocol.swift */ = {isa = PBXFileReference; lastKnownFileType = sourcecode.swift; path = MoviesProtocol.swift; sourceTree = "<group>"; };
		B98E56372974383C00D2BD7D /* UIViewController+extension.swift */ = {isa = PBXFileReference; lastKnownFileType = sourcecode.swift; path = "UIViewController+extension.swift"; sourceTree = "<group>"; };
		B98E564229743A1B00D2BD7D /* MoviesByGenreViewController.swift */ = {isa = PBXFileReference; lastKnownFileType = sourcecode.swift; path = MoviesByGenreViewController.swift; sourceTree = "<group>"; };
		B98E564329743A1B00D2BD7D /* MoviesByGenreViewController.xib */ = {isa = PBXFileReference; lastKnownFileType = file.xib; path = MoviesByGenreViewController.xib; sourceTree = "<group>"; };
		B994D20A29767C4B00573274 /* HomeGenreTableViewCell.swift */ = {isa = PBXFileReference; lastKnownFileType = sourcecode.swift; path = HomeGenreTableViewCell.swift; sourceTree = "<group>"; };
		B994D20B29767C4B00573274 /* HomeGenreTableViewCell.xib */ = {isa = PBXFileReference; lastKnownFileType = file.xib; path = HomeGenreTableViewCell.xib; sourceTree = "<group>"; };
		B994D20E29767C5E00573274 /* HomeGenreCollectionViewCell.swift */ = {isa = PBXFileReference; lastKnownFileType = sourcecode.swift; path = HomeGenreCollectionViewCell.swift; sourceTree = "<group>"; };
		B994D20F29767C5E00573274 /* HomeGenreCollectionViewCell.xib */ = {isa = PBXFileReference; lastKnownFileType = file.xib; path = HomeGenreCollectionViewCell.xib; sourceTree = "<group>"; };
		B9D4F32229719F8100D39C24 /* MovieAppViper.app */ = {isa = PBXFileReference; explicitFileType = wrapper.application; includeInIndex = 0; path = MovieAppViper.app; sourceTree = BUILT_PRODUCTS_DIR; };
		B9D4F32529719F8100D39C24 /* AppDelegate.swift */ = {isa = PBXFileReference; lastKnownFileType = sourcecode.swift; path = AppDelegate.swift; sourceTree = "<group>"; };
		B9D4F32729719F8100D39C24 /* SceneDelegate.swift */ = {isa = PBXFileReference; lastKnownFileType = sourcecode.swift; path = SceneDelegate.swift; sourceTree = "<group>"; };
		B9D4F32E29719F8400D39C24 /* Assets.xcassets */ = {isa = PBXFileReference; lastKnownFileType = folder.assetcatalog; path = Assets.xcassets; sourceTree = "<group>"; };
		B9D4F33129719F8400D39C24 /* Base */ = {isa = PBXFileReference; lastKnownFileType = file.storyboard; name = Base; path = Base.lproj/LaunchScreen.storyboard; sourceTree = "<group>"; };
		B9D4F33329719F8400D39C24 /* Info.plist */ = {isa = PBXFileReference; lastKnownFileType = text.plist.xml; path = Info.plist; sourceTree = "<group>"; };
		B9D4F3492971A6CB00D39C24 /* HomeRouter.swift */ = {isa = PBXFileReference; lastKnownFileType = sourcecode.swift; path = HomeRouter.swift; sourceTree = "<group>"; };
		B9D4F34B2971A77D00D39C24 /* HomeProtocol.swift */ = {isa = PBXFileReference; lastKnownFileType = sourcecode.swift; path = HomeProtocol.swift; sourceTree = "<group>"; };
		B9D4F34D2971A78D00D39C24 /* HomePresenter.swift */ = {isa = PBXFileReference; lastKnownFileType = sourcecode.swift; path = HomePresenter.swift; sourceTree = "<group>"; };
		B9D4F34F2971A79C00D39C24 /* HomeInteractor.swift */ = {isa = PBXFileReference; lastKnownFileType = sourcecode.swift; path = HomeInteractor.swift; sourceTree = "<group>"; };
		B9D4F3532971AA5B00D39C24 /* URLs.swift */ = {isa = PBXFileReference; lastKnownFileType = sourcecode.swift; path = URLs.swift; sourceTree = "<group>"; };
		B9D4F3562971AB1700D39C24 /* NetworkManagerProtocol.swift */ = {isa = PBXFileReference; lastKnownFileType = sourcecode.swift; path = NetworkManagerProtocol.swift; sourceTree = "<group>"; };
		B9D4F3592971AB4000D39C24 /* NetworkService.swift */ = {isa = PBXFileReference; lastKnownFileType = sourcecode.swift; path = NetworkService.swift; sourceTree = "<group>"; };
		B9D4F35B2971AE6E00D39C24 /* NetworkManager.swift */ = {isa = PBXFileReference; lastKnownFileType = sourcecode.swift; path = NetworkManager.swift; sourceTree = "<group>"; };
		B9D4F35D2971AF6800D39C24 /* MoviesModelResponse.swift */ = {isa = PBXFileReference; lastKnownFileType = sourcecode.swift; path = MoviesModelResponse.swift; sourceTree = "<group>"; };
		B9D4F35F2971B31E00D39C24 /* BaseError.swift */ = {isa = PBXFileReference; lastKnownFileType = sourcecode.swift; path = BaseError.swift; sourceTree = "<group>"; };
		B9D4F3622971B3F500D39C24 /* ErrorProtocol.swift */ = {isa = PBXFileReference; lastKnownFileType = sourcecode.swift; path = ErrorProtocol.swift; sourceTree = "<group>"; };
		B9D4F36429726D6A00D39C24 /* HomeEnumSection.swift */ = {isa = PBXFileReference; lastKnownFileType = sourcecode.swift; path = HomeEnumSection.swift; sourceTree = "<group>"; };
		B9D4F36A29726E3F00D39C24 /* HomeViewController.swift */ = {isa = PBXFileReference; lastKnownFileType = sourcecode.swift; path = HomeViewController.swift; sourceTree = "<group>"; };
		B9D4F36B29726E3F00D39C24 /* HomeViewController.xib */ = {isa = PBXFileReference; lastKnownFileType = file.xib; path = HomeViewController.xib; sourceTree = "<group>"; };
		B9D4F3712972717400D39C24 /* HomeNowPlayingTableViewCell.swift */ = {isa = PBXFileReference; lastKnownFileType = sourcecode.swift; path = HomeNowPlayingTableViewCell.swift; sourceTree = "<group>"; };
		B9D4F3722972717400D39C24 /* HomeNowPlayingTableViewCell.xib */ = {isa = PBXFileReference; lastKnownFileType = file.xib; path = HomeNowPlayingTableViewCell.xib; sourceTree = "<group>"; };
		B9D4F37629727A5D00D39C24 /* Main.storyboard */ = {isa = PBXFileReference; fileEncoding = 4; lastKnownFileType = file.storyboard; path = Main.storyboard; sourceTree = "<group>"; };
		B9D4F37729727A5D00D39C24 /* ViewController.swift */ = {isa = PBXFileReference; fileEncoding = 4; lastKnownFileType = sourcecode.swift; path = ViewController.swift; sourceTree = "<group>"; };
		B9D4F37B2972812500D39C24 /* HomeNowPlayingCollectionViewCell.swift */ = {isa = PBXFileReference; lastKnownFileType = sourcecode.swift; path = HomeNowPlayingCollectionViewCell.swift; sourceTree = "<group>"; };
		B9D4F37C2972812500D39C24 /* HomeNowPlayingCollectionViewCell.xib */ = {isa = PBXFileReference; lastKnownFileType = file.xib; path = HomeNowPlayingCollectionViewCell.xib; sourceTree = "<group>"; };
		B9D4F3802974055C00D39C24 /* UIImageView+Extension.swift */ = {isa = PBXFileReference; lastKnownFileType = sourcecode.swift; path = "UIImageView+Extension.swift"; sourceTree = "<group>"; };
		B9D4F3832974066B00D39C24 /* GlobalVariable.swift */ = {isa = PBXFileReference; lastKnownFileType = sourcecode.swift; path = GlobalVariable.swift; sourceTree = "<group>"; };
		B9EAC4A42974415E00E20AE3 /* MoviesByGenreProtocol.swift */ = {isa = PBXFileReference; lastKnownFileType = sourcecode.swift; path = MoviesByGenreProtocol.swift; sourceTree = "<group>"; };
		B9EAC4A62974425100E20AE3 /* MoviesByGenreInteractor.swift */ = {isa = PBXFileReference; lastKnownFileType = sourcecode.swift; path = MoviesByGenreInteractor.swift; sourceTree = "<group>"; };
		B9EAC4A82974426100E20AE3 /* MoviesByGenrePresenter.swift */ = {isa = PBXFileReference; lastKnownFileType = sourcecode.swift; path = MoviesByGenrePresenter.swift; sourceTree = "<group>"; };
		B9EAC4AA2974426C00E20AE3 /* MoviesByGenreRouter.swift */ = {isa = PBXFileReference; lastKnownFileType = sourcecode.swift; path = MoviesByGenreRouter.swift; sourceTree = "<group>"; };
		B9FB15062974F39A0064F96A /* DetailMovieProtocol.swift */ = {isa = PBXFileReference; lastKnownFileType = sourcecode.swift; path = DetailMovieProtocol.swift; sourceTree = "<group>"; };
		B9FB15082974F3C30064F96A /* DetailMovieRouter.swift */ = {isa = PBXFileReference; lastKnownFileType = sourcecode.swift; path = DetailMovieRouter.swift; sourceTree = "<group>"; };
		B9FB150A2974F3D10064F96A /* DetailMoviePresenter.swift */ = {isa = PBXFileReference; lastKnownFileType = sourcecode.swift; path = DetailMoviePresenter.swift; sourceTree = "<group>"; };
		B9FB150C2974F3DE0064F96A /* DetailMovieInteractor.swift */ = {isa = PBXFileReference; lastKnownFileType = sourcecode.swift; path = DetailMovieInteractor.swift; sourceTree = "<group>"; };
		B9FB150E2974F4B20064F96A /* DetailMovieResponse.swift */ = {isa = PBXFileReference; lastKnownFileType = sourcecode.swift; path = DetailMovieResponse.swift; sourceTree = "<group>"; };
		B9FB15102974F94A0064F96A /* DetailMovieViewController.swift */ = {isa = PBXFileReference; lastKnownFileType = sourcecode.swift; path = DetailMovieViewController.swift; sourceTree = "<group>"; };
		B9FB15112974F94A0064F96A /* DetailMovieViewController.xib */ = {isa = PBXFileReference; lastKnownFileType = file.xib; path = DetailMovieViewController.xib; sourceTree = "<group>"; };
/* End PBXFileReference section */

/* Begin PBXFrameworksBuildPhase section */
		B9D4F31F29719F8100D39C24 /* Frameworks */ = {
			isa = PBXFrameworksBuildPhase;
			buildActionMask = 2147483647;
			files = (
				46890C0D5173A66A1F7A8E3C /* Pods_MovieAppViper.framework in Frameworks */,
			);
			runOnlyForDeploymentPostprocessing = 0;
		};
/* End PBXFrameworksBuildPhase section */

/* Begin PBXGroup section */
		1C77A28DED2D73D0004967F9 /* Pods */ = {
			isa = PBXGroup;
			children = (
				7ACC4E269187161D50A49AF4 /* Pods-MovieAppViper.debug.xcconfig */,
				A1FFF1074EFF788986AD4EE6 /* Pods-MovieAppViper.release.xcconfig */,
			);
			path = Pods;
			sourceTree = "<group>";
		};
		8C247DD87DBC5F0F85BF03AE /* Frameworks */ = {
			isa = PBXGroup;
			children = (
				93C371A0C900EA40D4E1A187 /* Pods_MovieAppViper.framework */,
			);
			name = Frameworks;
			sourceTree = "<group>";
		};
		B92D30C029753865004428B4 /* Table View */ = {
			isa = PBXGroup;
			children = (
				B92D30C2297538A5004428B4 /* HomeUpcomingTableViewCell.swift */,
				B92D30C3297538A5004428B4 /* HomeUpcomingTableViewCell.xib */,
			);
			path = "Table View";
			sourceTree = "<group>";
		};
		B92D30C12975386C004428B4 /* Collection View */ = {
			isa = PBXGroup;
			children = (
				B92D30C6297539C7004428B4 /* HomeUpcomingCollectionViewCell.swift */,
				B92D30C7297539C7004428B4 /* HomeUpcomingCollectionViewCell.xib */,
			);
			path = "Collection View";
			sourceTree = "<group>";
		};
		B92EF82B2976888700D090EE /* Collection View */ = {
			isa = PBXGroup;
			children = (
				B92EF82C2976889800D090EE /* MoviesByGenreCollectionViewCell.swift */,
				B92EF82D2976889800D090EE /* MoviesByGenreCollectionViewCell.xib */,
			);
			path = "Collection View";
			sourceTree = "<group>";
		};
		B937CD3B2975B0ED00488097 /* Similar */ = {
			isa = PBXGroup;
			children = (
				B937CD412975B11100488097 /* Collection View */,
				B937CD402975B10700488097 /* Table View */,
			);
			path = Similar;
			sourceTree = "<group>";
		};
		B937CD402975B10700488097 /* Table View */ = {
			isa = PBXGroup;
			children = (
				B937CD3C2975B10400488097 /* DetailMovieSimilarTableViewCell.swift */,
				B937CD3D2975B10400488097 /* DetailMovieSimilarTableViewCell.xib */,
			);
			path = "Table View";
			sourceTree = "<group>";
		};
		B937CD412975B11100488097 /* Collection View */ = {
			isa = PBXGroup;
			children = (
				B937CD432975B13200488097 /* DetailMovieSimilarCollectionViewCell.swift */,
				B937CD442975B13200488097 /* DetailMovieSimilarCollectionViewCell.xib */,
			);
			path = "Collection View";
			sourceTree = "<group>";
		};
		B96B52E929759F71005845AB /* Cast  */ = {
			isa = PBXGroup;
			children = (
				B96B52F22975A4BB005845AB /* Table View */,
				B96B52F12975A4AB005845AB /* Collection View */,
			);
			path = "Cast ";
			sourceTree = "<group>";
		};
		B96B52EE2975A2E6005845AB /* Enum */ = {
			isa = PBXGroup;
			children = (
				B96B52EF2975A30C005845AB /* DetailEnumSection.swift */,
			);
			path = Enum;
			sourceTree = "<group>";
		};
		B96B52F12975A4AB005845AB /* Collection View */ = {
			isa = PBXGroup;
			children = (
				B96B52EA29759F9F005845AB /* DetailMovieCastCollectionViewCell.swift */,
				B96B52EB29759F9F005845AB /* DetailMovieCastCollectionViewCell.xib */,
			);
			path = "Collection View";
			sourceTree = "<group>";
		};
		B96B52F22975A4BB005845AB /* Table View */ = {
			isa = PBXGroup;
			children = (
				B96B52F32975A4E0005845AB /* DetailMovieCastTableViewCell.swift */,
				B96B52F42975A4E0005845AB /* DetailMovieCastTableViewCell.xib */,
			);
			path = "Table View";
			sourceTree = "<group>";
		};
		B96EC5E8297421F800BA157E /* Upcoming */ = {
			isa = PBXGroup;
			children = (
				B92D30C12975386C004428B4 /* Collection View */,
				B92D30C029753865004428B4 /* Table View */,
			);
			path = Upcoming;
			sourceTree = "<group>";
		};
		B98270312976413D00D7F559 /* Reviews */ = {
			isa = PBXGroup;
			children = (
				B98270322976416300D7F559 /* Table View */,
			);
			path = Reviews;
			sourceTree = "<group>";
		};
		B98270322976416300D7F559 /* Table View */ = {
			isa = PBXGroup;
			children = (
				B98270332976424200D7F559 /* DetailMovieReviewTableViewCell.swift */,
				B98270342976424200D7F559 /* DetailMovieReviewTableViewCell.xib */,
			);
			path = "Table View";
			sourceTree = "<group>";
		};
		B982703729764E7000D7F559 /* Movies */ = {
			isa = PBXGroup;
			children = (
				B989FA3529766E5800187F6C /* Protocol */,
				B989FA3429766E5400187F6C /* Router */,
				B989FA3329766E4400187F6C /* Presenter */,
				B989FA3229766E3D00187F6C /* Interactor */,
				B989FA3129766E3800187F6C /* View */,
			);
			path = Movies;
			sourceTree = "<group>";
		};
		B989FA3129766E3800187F6C /* View */ = {
			isa = PBXGroup;
			children = (
				B989FA3629766E7A00187F6C /* Table View */,
				B989FA3729766E9300187F6C /* MoviesViewController.swift */,
				B989FA3829766E9300187F6C /* MoviesViewController.xib */,
			);
			path = View;
			sourceTree = "<group>";
		};
		B989FA3229766E3D00187F6C /* Interactor */ = {
			isa = PBXGroup;
			children = (
				B989FA3F2976724200187F6C /* MoviesInteractor.swift */,
			);
			path = Interactor;
			sourceTree = "<group>";
		};
		B989FA3329766E4400187F6C /* Presenter */ = {
			isa = PBXGroup;
			children = (
				B989FA412976724D00187F6C /* MoviesPresenter.swift */,
			);
			path = Presenter;
			sourceTree = "<group>";
		};
		B989FA3429766E5400187F6C /* Router */ = {
			isa = PBXGroup;
			children = (
				B989FA432976725C00187F6C /* MoviesRouter.swift */,
			);
			path = Router;
			sourceTree = "<group>";
		};
		B989FA3529766E5800187F6C /* Protocol */ = {
			isa = PBXGroup;
			children = (
				B989FA452976726600187F6C /* MoviesProtocol.swift */,
			);
			path = Protocol;
			sourceTree = "<group>";
		};
		B989FA3629766E7A00187F6C /* Table View */ = {
			isa = PBXGroup;
			children = (
				B989FA3B29766F1000187F6C /* MovieTableViewCell.swift */,
				B989FA3C29766F1000187F6C /* MovieTableViewCell.xib */,
			);
			path = "Table View";
			sourceTree = "<group>";
		};
		B98E5639297438B100D2BD7D /* Movies By Genre */ = {
			isa = PBXGroup;
			children = (
				B98E563E297438E200D2BD7D /* Protocol */,
				B98E563D297438DA00D2BD7D /* Router */,
				B98E563C297438D400D2BD7D /* Presenter */,
				B98E563B297438CB00D2BD7D /* Interactor */,
				B98E563A297438C100D2BD7D /* View */,
			);
			path = "Movies By Genre";
			sourceTree = "<group>";
		};
		B98E563A297438C100D2BD7D /* View */ = {
			isa = PBXGroup;
			children = (
				B92EF82B2976888700D090EE /* Collection View */,
				B98E564229743A1B00D2BD7D /* MoviesByGenreViewController.swift */,
				B98E564329743A1B00D2BD7D /* MoviesByGenreViewController.xib */,
			);
			path = View;
			sourceTree = "<group>";
		};
		B98E563B297438CB00D2BD7D /* Interactor */ = {
			isa = PBXGroup;
			children = (
				B9EAC4A62974425100E20AE3 /* MoviesByGenreInteractor.swift */,
			);
			path = Interactor;
			sourceTree = "<group>";
		};
		B98E563C297438D400D2BD7D /* Presenter */ = {
			isa = PBXGroup;
			children = (
				B9EAC4A82974426100E20AE3 /* MoviesByGenrePresenter.swift */,
			);
			path = Presenter;
			sourceTree = "<group>";
		};
		B98E563D297438DA00D2BD7D /* Router */ = {
			isa = PBXGroup;
			children = (
				B9EAC4AA2974426C00E20AE3 /* MoviesByGenreRouter.swift */,
			);
			path = Router;
			sourceTree = "<group>";
		};
		B98E563E297438E200D2BD7D /* Protocol */ = {
			isa = PBXGroup;
			children = (
				B9EAC4A42974415E00E20AE3 /* MoviesByGenreProtocol.swift */,
			);
			path = Protocol;
			sourceTree = "<group>";
		};
		B994D20729767C1A00573274 /* Genre */ = {
			isa = PBXGroup;
			children = (
				B994D20929767C3400573274 /* Collection View */,
				B994D20829767C2400573274 /* Table View */,
			);
			path = Genre;
			sourceTree = "<group>";
		};
		B994D20829767C2400573274 /* Table View */ = {
			isa = PBXGroup;
			children = (
				B994D20A29767C4B00573274 /* HomeGenreTableViewCell.swift */,
				B994D20B29767C4B00573274 /* HomeGenreTableViewCell.xib */,
			);
			path = "Table View";
			sourceTree = "<group>";
		};
		B994D20929767C3400573274 /* Collection View */ = {
			isa = PBXGroup;
			children = (
				B994D20E29767C5E00573274 /* HomeGenreCollectionViewCell.swift */,
				B994D20F29767C5E00573274 /* HomeGenreCollectionViewCell.xib */,
			);
			path = "Collection View";
			sourceTree = "<group>";
		};
		B9D4F31929719F8100D39C24 = {
			isa = PBXGroup;
			children = (
				B9D4F32429719F8100D39C24 /* MovieAppViper */,
				B9D4F32329719F8100D39C24 /* Products */,
				1C77A28DED2D73D0004967F9 /* Pods */,
				8C247DD87DBC5F0F85BF03AE /* Frameworks */,
			);
			sourceTree = "<group>";
		};
		B9D4F32329719F8100D39C24 /* Products */ = {
			isa = PBXGroup;
			children = (
				B9D4F32229719F8100D39C24 /* MovieAppViper.app */,
			);
			name = Products;
			sourceTree = "<group>";
		};
		B9D4F32429719F8100D39C24 /* MovieAppViper */ = {
			isa = PBXGroup;
			children = (
				B9D4F37A29727F2100D39C24 /* DefaultApplication */,
				B9D4F33B2971A39C00D39C24 /* Service */,
				B9D4F33C2971A3A500D39C24 /* Utils */,
				B9D4F33A2971A39000D39C24 /* Entity */,
				B9D4F33D2971A3BA00D39C24 /* Section */,
				B9D4F32529719F8100D39C24 /* AppDelegate.swift */,
				B9D4F32729719F8100D39C24 /* SceneDelegate.swift */,
				B9D4F32E29719F8400D39C24 /* Assets.xcassets */,
				B9D4F33029719F8400D39C24 /* LaunchScreen.storyboard */,
				B9D4F33329719F8400D39C24 /* Info.plist */,
			);
			path = MovieAppViper;
			sourceTree = "<group>";
		};
		B9D4F33A2971A39000D39C24 /* Entity */ = {
			isa = PBXGroup;
			children = (
				B9D4F35D2971AF6800D39C24 /* MoviesModelResponse.swift */,
				B96EC5FF2974258000BA157E /* GenresModelResponse.swift */,
				B9FB150E2974F4B20064F96A /* DetailMovieResponse.swift */,
			);
			path = Entity;
			sourceTree = "<group>";
		};
		B9D4F33B2971A39C00D39C24 /* Service */ = {
			isa = PBXGroup;
			children = (
				B9D4F3582971AB3200D39C24 /* Network */,
				B9D4F3552971AAF900D39C24 /* Protocol */,
				B9D4F3522971AA3700D39C24 /* URL */,
			);
			path = Service;
			sourceTree = "<group>";
		};
		B9D4F33C2971A3A500D39C24 /* Utils */ = {
			isa = PBXGroup;
			children = (
				B9D4F3822974065A00D39C24 /* Global */,
				B9D4F37F2974053700D39C24 /* Extension */,
				B9D4F3612971B32800D39C24 /* Error */,
			);
			path = Utils;
			sourceTree = "<group>";
		};
		B9D4F33D2971A3BA00D39C24 /* Section */ = {
			isa = PBXGroup;
			children = (
				B982703729764E7000D7F559 /* Movies */,
				B9FB15002974F2C00064F96A /* Detail Movie */,
				B98E5639297438B100D2BD7D /* Movies By Genre */,
				B9D4F33E2971A3F400D39C24 /* Home  */,
			);
			path = Section;
			sourceTree = "<group>";
		};
		B9D4F33E2971A3F400D39C24 /* Home  */ = {
			isa = PBXGroup;
			children = (
				B9D4F3442971A45F00D39C24 /* Protocol */,
				B9D4F3432971A45C00D39C24 /* Enum */,
				B9D4F3422971A45200D39C24 /* Router */,
				B9D4F3412971A43500D39C24 /* Presenter */,
				B9D4F3402971A42D00D39C24 /* Interactor */,
				B9D4F33F2971A41E00D39C24 /* View */,
			);
			path = "Home ";
			sourceTree = "<group>";
		};
		B9D4F33F2971A41E00D39C24 /* View */ = {
			isa = PBXGroup;
			children = (
				B994D20729767C1A00573274 /* Genre */,
				B96EC5E8297421F800BA157E /* Upcoming */,
				B9D4F38529741CAD00D39C24 /* Popular  */,
				B9D4F36E2972711400D39C24 /* Now Playing */,
				B9D4F36A29726E3F00D39C24 /* HomeViewController.swift */,
				B9D4F36B29726E3F00D39C24 /* HomeViewController.xib */,
			);
			path = View;
			sourceTree = "<group>";
		};
		B9D4F3402971A42D00D39C24 /* Interactor */ = {
			isa = PBXGroup;
			children = (
				B9D4F34F2971A79C00D39C24 /* HomeInteractor.swift */,
			);
			path = Interactor;
			sourceTree = "<group>";
		};
		B9D4F3412971A43500D39C24 /* Presenter */ = {
			isa = PBXGroup;
			children = (
				B9D4F34D2971A78D00D39C24 /* HomePresenter.swift */,
			);
			path = Presenter;
			sourceTree = "<group>";
		};
		B9D4F3422971A45200D39C24 /* Router */ = {
			isa = PBXGroup;
			children = (
				B9D4F3492971A6CB00D39C24 /* HomeRouter.swift */,
			);
			path = Router;
			sourceTree = "<group>";
		};
		B9D4F3432971A45C00D39C24 /* Enum */ = {
			isa = PBXGroup;
			children = (
				B9D4F36429726D6A00D39C24 /* HomeEnumSection.swift */,
			);
			path = Enum;
			sourceTree = "<group>";
		};
		B9D4F3442971A45F00D39C24 /* Protocol */ = {
			isa = PBXGroup;
			children = (
				B9D4F34B2971A77D00D39C24 /* HomeProtocol.swift */,
			);
			path = Protocol;
			sourceTree = "<group>";
		};
		B9D4F3522971AA3700D39C24 /* URL */ = {
			isa = PBXGroup;
			children = (
				B9D4F3532971AA5B00D39C24 /* URLs.swift */,
			);
			path = URL;
			sourceTree = "<group>";
		};
		B9D4F3552971AAF900D39C24 /* Protocol */ = {
			isa = PBXGroup;
			children = (
				B9D4F3562971AB1700D39C24 /* NetworkManagerProtocol.swift */,
			);
			path = Protocol;
			sourceTree = "<group>";
		};
		B9D4F3582971AB3200D39C24 /* Network */ = {
			isa = PBXGroup;
			children = (
				B9D4F3592971AB4000D39C24 /* NetworkService.swift */,
				B9D4F35B2971AE6E00D39C24 /* NetworkManager.swift */,
			);
			path = Network;
			sourceTree = "<group>";
		};
		B9D4F3612971B32800D39C24 /* Error */ = {
			isa = PBXGroup;
			children = (
				B9D4F35F2971B31E00D39C24 /* BaseError.swift */,
				B9D4F3622971B3F500D39C24 /* ErrorProtocol.swift */,
			);
			path = Error;
			sourceTree = "<group>";
		};
		B9D4F36E2972711400D39C24 /* Now Playing */ = {
			isa = PBXGroup;
			children = (
				B9D4F3702972713800D39C24 /* Collection View */,
				B9D4F36F2972713200D39C24 /* Table View */,
			);
			path = "Now Playing";
			sourceTree = "<group>";
		};
		B9D4F36F2972713200D39C24 /* Table View */ = {
			isa = PBXGroup;
			children = (
				B9D4F3712972717400D39C24 /* HomeNowPlayingTableViewCell.swift */,
				B9D4F3722972717400D39C24 /* HomeNowPlayingTableViewCell.xib */,
			);
			path = "Table View";
			sourceTree = "<group>";
		};
		B9D4F3702972713800D39C24 /* Collection View */ = {
			isa = PBXGroup;
			children = (
				B9D4F37B2972812500D39C24 /* HomeNowPlayingCollectionViewCell.swift */,
				B9D4F37C2972812500D39C24 /* HomeNowPlayingCollectionViewCell.xib */,
			);
			path = "Collection View";
			sourceTree = "<group>";
		};
		B9D4F37A29727F2100D39C24 /* DefaultApplication */ = {
			isa = PBXGroup;
			children = (
				B9D4F37629727A5D00D39C24 /* Main.storyboard */,
				B9D4F37729727A5D00D39C24 /* ViewController.swift */,
			);
			path = DefaultApplication;
			sourceTree = "<group>";
		};
		B9D4F37F2974053700D39C24 /* Extension */ = {
			isa = PBXGroup;
			children = (
				B9D4F3802974055C00D39C24 /* UIImageView+Extension.swift */,
				B96EC6122974329000BA157E /* UIView+extension.swift */,
				B98E56372974383C00D2BD7D /* UIViewController+extension.swift */,
			);
			path = Extension;
			sourceTree = "<group>";
		};
		B9D4F3822974065A00D39C24 /* Global */ = {
			isa = PBXGroup;
			children = (
				B9D4F3832974066B00D39C24 /* GlobalVariable.swift */,
			);
			path = Global;
			sourceTree = "<group>";
		};
		B9D4F38529741CAD00D39C24 /* Popular  */ = {
			isa = PBXGroup;
			children = (
				B9D4F38629741DDC00D39C24 /* Table View */,
			);
			path = "Popular ";
			sourceTree = "<group>";
		};
		B9D4F38629741DDC00D39C24 /* Table View */ = {
			isa = PBXGroup;
			children = (
				B92D30B829752E7B004428B4 /* HomePopularTableViewCell.swift */,
				B92D30B929752E7B004428B4 /* HomePopularTableViewCell.xib */,
			);
			path = "Table View";
			sourceTree = "<group>";
		};
		B9FB15002974F2C00064F96A /* Detail Movie */ = {
			isa = PBXGroup;
			children = (
				B9FB15052974F3860064F96A /* Protocol */,
				B9FB15042974F3820064F96A /* Router */,
				B96B52EE2975A2E6005845AB /* Enum */,
				B9FB15032974F37D0064F96A /* Presenter */,
				B9FB15022974F3430064F96A /* Interactor */,
				B9FB15012974F33B0064F96A /* View */,
			);
			path = "Detail Movie";
			sourceTree = "<group>";
		};
		B9FB15012974F33B0064F96A /* View */ = {
			isa = PBXGroup;
			children = (
				B98270312976413D00D7F559 /* Reviews */,
				B937CD3B2975B0ED00488097 /* Similar */,
				B96B52E929759F71005845AB /* Cast  */,
				B9FB15102974F94A0064F96A /* DetailMovieViewController.swift */,
				B9FB15112974F94A0064F96A /* DetailMovieViewController.xib */,
			);
			path = View;
			sourceTree = "<group>";
		};
		B9FB15022974F3430064F96A /* Interactor */ = {
			isa = PBXGroup;
			children = (
				B9FB150C2974F3DE0064F96A /* DetailMovieInteractor.swift */,
			);
			path = Interactor;
			sourceTree = "<group>";
		};
		B9FB15032974F37D0064F96A /* Presenter */ = {
			isa = PBXGroup;
			children = (
				B9FB150A2974F3D10064F96A /* DetailMoviePresenter.swift */,
			);
			path = Presenter;
			sourceTree = "<group>";
		};
		B9FB15042974F3820064F96A /* Router */ = {
			isa = PBXGroup;
			children = (
				B9FB15082974F3C30064F96A /* DetailMovieRouter.swift */,
			);
			path = Router;
			sourceTree = "<group>";
		};
		B9FB15052974F3860064F96A /* Protocol */ = {
			isa = PBXGroup;
			children = (
				B9FB15062974F39A0064F96A /* DetailMovieProtocol.swift */,
			);
			path = Protocol;
			sourceTree = "<group>";
		};
/* End PBXGroup section */

/* Begin PBXNativeTarget section */
		B9D4F32129719F8100D39C24 /* MovieAppViper */ = {
			isa = PBXNativeTarget;
			buildConfigurationList = B9D4F33629719F8400D39C24 /* Build configuration list for PBXNativeTarget "MovieAppViper" */;
			buildPhases = (
				27C63C69E52A484EB8D17DFD /* [CP] Check Pods Manifest.lock */,
				B9D4F31E29719F8100D39C24 /* Sources */,
				B9D4F31F29719F8100D39C24 /* Frameworks */,
				B9D4F32029719F8100D39C24 /* Resources */,
				61FF75E86A1ACC9C5D1A32BA /* [CP] Embed Pods Frameworks */,
			);
			buildRules = (
			);
			dependencies = (
			);
			name = MovieAppViper;
			productName = MovieAppViper;
			productReference = B9D4F32229719F8100D39C24 /* MovieAppViper.app */;
			productType = "com.apple.product-type.application";
		};
/* End PBXNativeTarget section */

/* Begin PBXProject section */
		B9D4F31A29719F8100D39C24 /* Project object */ = {
			isa = PBXProject;
			attributes = {
				BuildIndependentTargetsInParallel = 1;
				LastSwiftUpdateCheck = 1420;
				LastUpgradeCheck = 1420;
				TargetAttributes = {
					B9D4F32129719F8100D39C24 = {
						CreatedOnToolsVersion = 14.2;
					};
				};
			};
			buildConfigurationList = B9D4F31D29719F8100D39C24 /* Build configuration list for PBXProject "MovieAppViper" */;
			compatibilityVersion = "Xcode 13.0";
			developmentRegion = en;
			hasScannedForEncodings = 0;
			knownRegions = (
				en,
				Base,
			);
			mainGroup = B9D4F31929719F8100D39C24;
			productRefGroup = B9D4F32329719F8100D39C24 /* Products */;
			projectDirPath = "";
			projectRoot = "";
			targets = (
				B9D4F32129719F8100D39C24 /* MovieAppViper */,
			);
		};
/* End PBXProject section */

/* Begin PBXResourcesBuildPhase section */
		B9D4F32029719F8100D39C24 /* Resources */ = {
			isa = PBXResourcesBuildPhase;
			buildActionMask = 2147483647;
			files = (
				B96B52ED29759F9F005845AB /* DetailMovieCastCollectionViewCell.xib in Resources */,
				B9D4F3742972717400D39C24 /* HomeNowPlayingTableViewCell.xib in Resources */,
				B92D30C5297538A5004428B4 /* HomeUpcomingTableViewCell.xib in Resources */,
				B96B52F62975A4E0005845AB /* DetailMovieCastTableViewCell.xib in Resources */,
				B98270362976424200D7F559 /* DetailMovieReviewTableViewCell.xib in Resources */,
				B92D30C9297539C7004428B4 /* HomeUpcomingCollectionViewCell.xib in Resources */,
				B937CD462975B13200488097 /* DetailMovieSimilarCollectionViewCell.xib in Resources */,
				B989FA3E29766F1000187F6C /* MovieTableViewCell.xib in Resources */,
				B9D4F37829727A5D00D39C24 /* Main.storyboard in Resources */,
				B9D4F33229719F8400D39C24 /* LaunchScreen.storyboard in Resources */,
				B92D30BB29752E7B004428B4 /* HomePopularTableViewCell.xib in Resources */,
				B994D20D29767C4B00573274 /* HomeGenreTableViewCell.xib in Resources */,
				B937CD3F2975B10400488097 /* DetailMovieSimilarTableViewCell.xib in Resources */,
				B9D4F32F29719F8400D39C24 /* Assets.xcassets in Resources */,
				B9D4F36D29726E3F00D39C24 /* HomeViewController.xib in Resources */,
				B92EF82F2976889800D090EE /* MoviesByGenreCollectionViewCell.xib in Resources */,
				B9D4F37E2972812500D39C24 /* HomeNowPlayingCollectionViewCell.xib in Resources */,
				B994D21129767C5E00573274 /* HomeGenreCollectionViewCell.xib in Resources */,
				B9FB15132974F94A0064F96A /* DetailMovieViewController.xib in Resources */,
				B98E564529743A1B00D2BD7D /* MoviesByGenreViewController.xib in Resources */,
				B989FA3A29766E9300187F6C /* MoviesViewController.xib in Resources */,
			);
			runOnlyForDeploymentPostprocessing = 0;
		};
/* End PBXResourcesBuildPhase section */

/* Begin PBXShellScriptBuildPhase section */
		27C63C69E52A484EB8D17DFD /* [CP] Check Pods Manifest.lock */ = {
			isa = PBXShellScriptBuildPhase;
			buildActionMask = 2147483647;
			files = (
			);
			inputFileListPaths = (
			);
			inputPaths = (
				"${PODS_PODFILE_DIR_PATH}/Podfile.lock",
				"${PODS_ROOT}/Manifest.lock",
			);
			name = "[CP] Check Pods Manifest.lock";
			outputFileListPaths = (
			);
			outputPaths = (
				"$(DERIVED_FILE_DIR)/Pods-MovieAppViper-checkManifestLockResult.txt",
			);
			runOnlyForDeploymentPostprocessing = 0;
			shellPath = /bin/sh;
			shellScript = "diff \"${PODS_PODFILE_DIR_PATH}/Podfile.lock\" \"${PODS_ROOT}/Manifest.lock\" > /dev/null\nif [ $? != 0 ] ; then\n    # print error to STDERR\n    echo \"error: The sandbox is not in sync with the Podfile.lock. Run 'pod install' or update your CocoaPods installation.\" >&2\n    exit 1\nfi\n# This output is used by Xcode 'outputs' to avoid re-running this script phase.\necho \"SUCCESS\" > \"${SCRIPT_OUTPUT_FILE_0}\"\n";
			showEnvVarsInLog = 0;
		};
		61FF75E86A1ACC9C5D1A32BA /* [CP] Embed Pods Frameworks */ = {
			isa = PBXShellScriptBuildPhase;
			buildActionMask = 2147483647;
			files = (
			);
			inputFileListPaths = (
				"${PODS_ROOT}/Target Support Files/Pods-MovieAppViper/Pods-MovieAppViper-frameworks-${CONFIGURATION}-input-files.xcfilelist",
			);
			name = "[CP] Embed Pods Frameworks";
			outputFileListPaths = (
				"${PODS_ROOT}/Target Support Files/Pods-MovieAppViper/Pods-MovieAppViper-frameworks-${CONFIGURATION}-output-files.xcfilelist",
			);
			runOnlyForDeploymentPostprocessing = 0;
			shellPath = /bin/sh;
			shellScript = "\"${PODS_ROOT}/Target Support Files/Pods-MovieAppViper/Pods-MovieAppViper-frameworks.sh\"\n";
			showEnvVarsInLog = 0;
		};
/* End PBXShellScriptBuildPhase section */

/* Begin PBXSourcesBuildPhase section */
		B9D4F31E29719F8100D39C24 /* Sources */ = {
			isa = PBXSourcesBuildPhase;
			buildActionMask = 2147483647;
			files = (
				B9FB150B2974F3D10064F96A /* DetailMoviePresenter.swift in Sources */,
				B96EC6132974329000BA157E /* UIView+extension.swift in Sources */,
				B9EAC4AB2974426C00E20AE3 /* MoviesByGenreRouter.swift in Sources */,
				B9FB15092974F3C30064F96A /* DetailMovieRouter.swift in Sources */,
				B96B52EC29759F9F005845AB /* DetailMovieCastCollectionViewCell.swift in Sources */,
				B96EC6002974258000BA157E /* GenresModelResponse.swift in Sources */,
				B989FA402976724200187F6C /* MoviesInteractor.swift in Sources */,
				B937CD3E2975B10400488097 /* DetailMovieSimilarTableViewCell.swift in Sources */,
				B9D4F3732972717400D39C24 /* HomeNowPlayingTableViewCell.swift in Sources */,
				B9D4F35A2971AB4000D39C24 /* NetworkService.swift in Sources */,
				B994D21029767C5E00573274 /* HomeGenreCollectionViewCell.swift in Sources */,
				B92D30BA29752E7B004428B4 /* HomePopularTableViewCell.swift in Sources */,
				B9D4F36529726D6A00D39C24 /* HomeEnumSection.swift in Sources */,
				B9D4F32629719F8100D39C24 /* AppDelegate.swift in Sources */,
				B994D20C29767C4B00573274 /* HomeGenreTableViewCell.swift in Sources */,
				B9D4F3572971AB1700D39C24 /* NetworkManagerProtocol.swift in Sources */,
				B989FA442976725C00187F6C /* MoviesRouter.swift in Sources */,
				B9D4F34A2971A6CB00D39C24 /* HomeRouter.swift in Sources */,
				B9D4F3842974066B00D39C24 /* GlobalVariable.swift in Sources */,
				B98270352976424200D7F559 /* DetailMovieReviewTableViewCell.swift in Sources */,
				B9FB15072974F39A0064F96A /* DetailMovieProtocol.swift in Sources */,
				B92D30C4297538A5004428B4 /* HomeUpcomingTableViewCell.swift in Sources */,
				B9D4F36C29726E3F00D39C24 /* HomeViewController.swift in Sources */,
				B9D4F35C2971AE6E00D39C24 /* NetworkManager.swift in Sources */,
				B9D4F32829719F8100D39C24 /* SceneDelegate.swift in Sources */,
				B9D4F37929727A5D00D39C24 /* ViewController.swift in Sources */,
				B9D4F3542971AA5B00D39C24 /* URLs.swift in Sources */,
				B9FB150F2974F4B20064F96A /* DetailMovieResponse.swift in Sources */,
				B9D4F34E2971A78D00D39C24 /* HomePresenter.swift in Sources */,
				B9EAC4A72974425100E20AE3 /* MoviesByGenreInteractor.swift in Sources */,
				B9FB15122974F94A0064F96A /* DetailMovieViewController.swift in Sources */,
				B98E56382974383C00D2BD7D /* UIViewController+extension.swift in Sources */,
				B92EF82E2976889800D090EE /* MoviesByGenreCollectionViewCell.swift in Sources */,
				B9D4F3602971B31E00D39C24 /* BaseError.swift in Sources */,
				B96B52F52975A4E0005845AB /* DetailMovieCastTableViewCell.swift in Sources */,
				B9D4F34C2971A77D00D39C24 /* HomeProtocol.swift in Sources */,
				B9D4F3502971A79C00D39C24 /* HomeInteractor.swift in Sources */,
				B9D4F3632971B3F500D39C24 /* ErrorProtocol.swift in Sources */,
				B9D4F3812974055C00D39C24 /* UIImageView+Extension.swift in Sources */,
				B989FA3D29766F1000187F6C /* MovieTableViewCell.swift in Sources */,
				B9EAC4A52974415E00E20AE3 /* MoviesByGenreProtocol.swift in Sources */,
				B937CD452975B13200488097 /* DetailMovieSimilarCollectionViewCell.swift in Sources */,
				B96B52F02975A30C005845AB /* DetailEnumSection.swift in Sources */,
				B9FB150D2974F3DE0064F96A /* DetailMovieInteractor.swift in Sources */,
				B9D4F35E2971AF6800D39C24 /* MoviesModelResponse.swift in Sources */,
				B989FA422976724D00187F6C /* MoviesPresenter.swift in Sources */,
				B9D4F37D2972812500D39C24 /* HomeNowPlayingCollectionViewCell.swift in Sources */,
				B92D30C8297539C7004428B4 /* HomeUpcomingCollectionViewCell.swift in Sources */,
				B989FA462976726600187F6C /* MoviesProtocol.swift in Sources */,
				B9EAC4A92974426100E20AE3 /* MoviesByGenrePresenter.swift in Sources */,
				B98E564429743A1B00D2BD7D /* MoviesByGenreViewController.swift in Sources */,
				B989FA3929766E9300187F6C /* MoviesViewController.swift in Sources */,
			);
			runOnlyForDeploymentPostprocessing = 0;
		};
/* End PBXSourcesBuildPhase section */

/* Begin PBXVariantGroup section */
		B9D4F33029719F8400D39C24 /* LaunchScreen.storyboard */ = {
			isa = PBXVariantGroup;
			children = (
				B9D4F33129719F8400D39C24 /* Base */,
			);
			name = LaunchScreen.storyboard;
			sourceTree = "<group>";
		};
/* End PBXVariantGroup section */

/* Begin XCBuildConfiguration section */
		B9D4F33429719F8400D39C24 /* Debug */ = {
			isa = XCBuildConfiguration;
			buildSettings = {
				ALWAYS_SEARCH_USER_PATHS = NO;
				CLANG_ANALYZER_NONNULL = YES;
				CLANG_ANALYZER_NUMBER_OBJECT_CONVERSION = YES_AGGRESSIVE;
				CLANG_CXX_LANGUAGE_STANDARD = "gnu++20";
				CLANG_ENABLE_MODULES = YES;
				CLANG_ENABLE_OBJC_ARC = YES;
				CLANG_ENABLE_OBJC_WEAK = YES;
				CLANG_WARN_BLOCK_CAPTURE_AUTORELEASING = YES;
				CLANG_WARN_BOOL_CONVERSION = YES;
				CLANG_WARN_COMMA = YES;
				CLANG_WARN_CONSTANT_CONVERSION = YES;
				CLANG_WARN_DEPRECATED_OBJC_IMPLEMENTATIONS = YES;
				CLANG_WARN_DIRECT_OBJC_ISA_USAGE = YES_ERROR;
				CLANG_WARN_DOCUMENTATION_COMMENTS = YES;
				CLANG_WARN_EMPTY_BODY = YES;
				CLANG_WARN_ENUM_CONVERSION = YES;
				CLANG_WARN_INFINITE_RECURSION = YES;
				CLANG_WARN_INT_CONVERSION = YES;
				CLANG_WARN_NON_LITERAL_NULL_CONVERSION = YES;
				CLANG_WARN_OBJC_IMPLICIT_RETAIN_SELF = YES;
				CLANG_WARN_OBJC_LITERAL_CONVERSION = YES;
				CLANG_WARN_OBJC_ROOT_CLASS = YES_ERROR;
				CLANG_WARN_QUOTED_INCLUDE_IN_FRAMEWORK_HEADER = YES;
				CLANG_WARN_RANGE_LOOP_ANALYSIS = YES;
				CLANG_WARN_STRICT_PROTOTYPES = YES;
				CLANG_WARN_SUSPICIOUS_MOVE = YES;
				CLANG_WARN_UNGUARDED_AVAILABILITY = YES_AGGRESSIVE;
				CLANG_WARN_UNREACHABLE_CODE = YES;
				CLANG_WARN__DUPLICATE_METHOD_MATCH = YES;
				COPY_PHASE_STRIP = NO;
				DEBUG_INFORMATION_FORMAT = dwarf;
				ENABLE_STRICT_OBJC_MSGSEND = YES;
				ENABLE_TESTABILITY = YES;
				GCC_C_LANGUAGE_STANDARD = gnu11;
				GCC_DYNAMIC_NO_PIC = NO;
				GCC_NO_COMMON_BLOCKS = YES;
				GCC_OPTIMIZATION_LEVEL = 0;
				GCC_PREPROCESSOR_DEFINITIONS = (
					"DEBUG=1",
					"$(inherited)",
				);
				GCC_WARN_64_TO_32_BIT_CONVERSION = YES;
				GCC_WARN_ABOUT_RETURN_TYPE = YES_ERROR;
				GCC_WARN_UNDECLARED_SELECTOR = YES;
				GCC_WARN_UNINITIALIZED_AUTOS = YES_AGGRESSIVE;
				GCC_WARN_UNUSED_FUNCTION = YES;
				GCC_WARN_UNUSED_VARIABLE = YES;
				IPHONEOS_DEPLOYMENT_TARGET = 16.2;
				MTL_ENABLE_DEBUG_INFO = INCLUDE_SOURCE;
				MTL_FAST_MATH = YES;
				ONLY_ACTIVE_ARCH = YES;
				SDKROOT = iphoneos;
				SWIFT_ACTIVE_COMPILATION_CONDITIONS = DEBUG;
				SWIFT_OPTIMIZATION_LEVEL = "-Onone";
			};
			name = Debug;
		};
		B9D4F33529719F8400D39C24 /* Release */ = {
			isa = XCBuildConfiguration;
			buildSettings = {
				ALWAYS_SEARCH_USER_PATHS = NO;
				CLANG_ANALYZER_NONNULL = YES;
				CLANG_ANALYZER_NUMBER_OBJECT_CONVERSION = YES_AGGRESSIVE;
				CLANG_CXX_LANGUAGE_STANDARD = "gnu++20";
				CLANG_ENABLE_MODULES = YES;
				CLANG_ENABLE_OBJC_ARC = YES;
				CLANG_ENABLE_OBJC_WEAK = YES;
				CLANG_WARN_BLOCK_CAPTURE_AUTORELEASING = YES;
				CLANG_WARN_BOOL_CONVERSION = YES;
				CLANG_WARN_COMMA = YES;
				CLANG_WARN_CONSTANT_CONVERSION = YES;
				CLANG_WARN_DEPRECATED_OBJC_IMPLEMENTATIONS = YES;
				CLANG_WARN_DIRECT_OBJC_ISA_USAGE = YES_ERROR;
				CLANG_WARN_DOCUMENTATION_COMMENTS = YES;
				CLANG_WARN_EMPTY_BODY = YES;
				CLANG_WARN_ENUM_CONVERSION = YES;
				CLANG_WARN_INFINITE_RECURSION = YES;
				CLANG_WARN_INT_CONVERSION = YES;
				CLANG_WARN_NON_LITERAL_NULL_CONVERSION = YES;
				CLANG_WARN_OBJC_IMPLICIT_RETAIN_SELF = YES;
				CLANG_WARN_OBJC_LITERAL_CONVERSION = YES;
				CLANG_WARN_OBJC_ROOT_CLASS = YES_ERROR;
				CLANG_WARN_QUOTED_INCLUDE_IN_FRAMEWORK_HEADER = YES;
				CLANG_WARN_RANGE_LOOP_ANALYSIS = YES;
				CLANG_WARN_STRICT_PROTOTYPES = YES;
				CLANG_WARN_SUSPICIOUS_MOVE = YES;
				CLANG_WARN_UNGUARDED_AVAILABILITY = YES_AGGRESSIVE;
				CLANG_WARN_UNREACHABLE_CODE = YES;
				CLANG_WARN__DUPLICATE_METHOD_MATCH = YES;
				COPY_PHASE_STRIP = NO;
				DEBUG_INFORMATION_FORMAT = "dwarf-with-dsym";
				ENABLE_NS_ASSERTIONS = NO;
				ENABLE_STRICT_OBJC_MSGSEND = YES;
				GCC_C_LANGUAGE_STANDARD = gnu11;
				GCC_NO_COMMON_BLOCKS = YES;
				GCC_WARN_64_TO_32_BIT_CONVERSION = YES;
				GCC_WARN_ABOUT_RETURN_TYPE = YES_ERROR;
				GCC_WARN_UNDECLARED_SELECTOR = YES;
				GCC_WARN_UNINITIALIZED_AUTOS = YES_AGGRESSIVE;
				GCC_WARN_UNUSED_FUNCTION = YES;
				GCC_WARN_UNUSED_VARIABLE = YES;
				IPHONEOS_DEPLOYMENT_TARGET = 16.2;
				MTL_ENABLE_DEBUG_INFO = NO;
				MTL_FAST_MATH = YES;
				SDKROOT = iphoneos;
				SWIFT_COMPILATION_MODE = wholemodule;
				SWIFT_OPTIMIZATION_LEVEL = "-O";
				VALIDATE_PRODUCT = YES;
			};
			name = Release;
		};
		B9D4F33729719F8400D39C24 /* Debug */ = {
			isa = XCBuildConfiguration;
			baseConfigurationReference = 7ACC4E269187161D50A49AF4 /* Pods-MovieAppViper.debug.xcconfig */;
			buildSettings = {
				ASSETCATALOG_COMPILER_APPICON_NAME = AppIcon;
				ASSETCATALOG_COMPILER_GLOBAL_ACCENT_COLOR_NAME = AccentColor;
				CODE_SIGN_STYLE = Automatic;
				CURRENT_PROJECT_VERSION = 1;
				DEVELOPMENT_TEAM = CTYLXV3T38;
				GENERATE_INFOPLIST_FILE = YES;
				INFOPLIST_FILE = MovieAppViper/Info.plist;
				INFOPLIST_KEY_UIApplicationSupportsIndirectInputEvents = YES;
				INFOPLIST_KEY_UILaunchStoryboardName = LaunchScreen;
				INFOPLIST_KEY_UIMainStoryboardFile = Main;
				INFOPLIST_KEY_UISupportedInterfaceOrientations_iPad = "UIInterfaceOrientationPortrait UIInterfaceOrientationPortraitUpsideDown UIInterfaceOrientationLandscapeLeft UIInterfaceOrientationLandscapeRight";
				INFOPLIST_KEY_UISupportedInterfaceOrientations_iPhone = "UIInterfaceOrientationPortrait UIInterfaceOrientationLandscapeLeft UIInterfaceOrientationLandscapeRight";
				LD_RUNPATH_SEARCH_PATHS = (
					"$(inherited)",
					"@executable_path/Frameworks",
				);
				MARKETING_VERSION = 1.0;
				PRODUCT_BUNDLE_IDENTIFIER = "Abdiel-Chris-Tanto.MovieAppViper";
				PRODUCT_NAME = "$(TARGET_NAME)";
				SWIFT_EMIT_LOC_STRINGS = YES;
				SWIFT_VERSION = 5.0;
				TARGETED_DEVICE_FAMILY = "1,2";
			};
			name = Debug;
		};
		B9D4F33829719F8400D39C24 /* Release */ = {
			isa = XCBuildConfiguration;
			baseConfigurationReference = A1FFF1074EFF788986AD4EE6 /* Pods-MovieAppViper.release.xcconfig */;
			buildSettings = {
				ASSETCATALOG_COMPILER_APPICON_NAME = AppIcon;
				ASSETCATALOG_COMPILER_GLOBAL_ACCENT_COLOR_NAME = AccentColor;
				CODE_SIGN_STYLE = Automatic;
				CURRENT_PROJECT_VERSION = 1;
				DEVELOPMENT_TEAM = CTYLXV3T38;
				GENERATE_INFOPLIST_FILE = YES;
				INFOPLIST_FILE = MovieAppViper/Info.plist;
				INFOPLIST_KEY_UIApplicationSupportsIndirectInputEvents = YES;
				INFOPLIST_KEY_UILaunchStoryboardName = LaunchScreen;
				INFOPLIST_KEY_UIMainStoryboardFile = Main;
				INFOPLIST_KEY_UISupportedInterfaceOrientations_iPad = "UIInterfaceOrientationPortrait UIInterfaceOrientationPortraitUpsideDown UIInterfaceOrientationLandscapeLeft UIInterfaceOrientationLandscapeRight";
				INFOPLIST_KEY_UISupportedInterfaceOrientations_iPhone = "UIInterfaceOrientationPortrait UIInterfaceOrientationLandscapeLeft UIInterfaceOrientationLandscapeRight";
				LD_RUNPATH_SEARCH_PATHS = (
					"$(inherited)",
					"@executable_path/Frameworks",
				);
				MARKETING_VERSION = 1.0;
				PRODUCT_BUNDLE_IDENTIFIER = "Abdiel-Chris-Tanto.MovieAppViper";
				PRODUCT_NAME = "$(TARGET_NAME)";
				SWIFT_EMIT_LOC_STRINGS = YES;
				SWIFT_VERSION = 5.0;
				TARGETED_DEVICE_FAMILY = "1,2";
			};
			name = Release;
		};
/* End XCBuildConfiguration section */

/* Begin XCConfigurationList section */
		B9D4F31D29719F8100D39C24 /* Build configuration list for PBXProject "MovieAppViper" */ = {
			isa = XCConfigurationList;
			buildConfigurations = (
				B9D4F33429719F8400D39C24 /* Debug */,
				B9D4F33529719F8400D39C24 /* Release */,
			);
			defaultConfigurationIsVisible = 0;
			defaultConfigurationName = Release;
		};
		B9D4F33629719F8400D39C24 /* Build configuration list for PBXNativeTarget "MovieAppViper" */ = {
			isa = XCConfigurationList;
			buildConfigurations = (
				B9D4F33729719F8400D39C24 /* Debug */,
				B9D4F33829719F8400D39C24 /* Release */,
			);
			defaultConfigurationIsVisible = 0;
			defaultConfigurationName = Release;
		};
/* End XCConfigurationList section */
	};
	rootObject = B9D4F31A29719F8100D39C24 /* Project object */;
}
